
Microsoft Visual Studio Solution File, Format Version 12.00
# Visual Studio Version 17
VisualStudioVersion = 17.7.34202.233
MinimumVisualStudioVersion = 10.0.40219.1
Project("{FAE04EC0-301F-11D3-BF4B-00C04F79EFBC}") = "Heap Sorting", "Pre Senior\Heap Sorting.csproj", "{C8D15F33-AE7C-49AE-BBDF-0D62A9857758}"
EndProject
Global
	GlobalSection(SolutionConfigurationPlatforms) = preSolution
		Debug|Any CPU = Debug|Any CPU
		Release|Any CPU = Release|Any CPU
	EndGlobalSection
	GlobalSection(ProjectConfigurationPlatforms) = postSolution
		{C8D15F33-AE7C-49AE-BBDF-0D62A9857758}.Debug|Any CPU.ActiveCfg = Debug|Any CPU
		{C8D15F33-AE7C-49AE-BBDF-0D62A9857758}.Debug|Any CPU.Build.0 = Debug|Any CPU
		{C8D15F33-AE7C-49AE-BBDF-0D62A9857758}.Release|Any CPU.ActiveCfg = Release|Any CPU
		{C8D15F33-AE7C-49AE-BBDF-0D62A9857758}.Release|Any CPU.Build.0 = Release|Any CPU
	EndGlobalSection
	GlobalSection(SolutionProperties) = preSolution
		HideSolutionNode = FALSE
	EndGlobalSection
	GlobalSection(ExtensibilityGlobals) = postSolution
		SolutionGuid = {7792408F-71BD-41A9-9FFF-F870C26CD353}
	EndGlobalSection
EndGlobal
